
Microsoft Visual Studio Solution File, Format Version 12.00
# Visual Studio Version 17
VisualStudioVersion = 17.14.36203.30 d17.14
MinimumVisualStudioVersion = 10.0.40219.1
Project("{FAE04EC0-301F-11D3-BF4B-00C04F79EFBC}") = "テトリス", "テトリス\テトリス.csproj", "{B08AA2B6-E6C3-413C-A0F4-028B2487FCAB}"
EndProject
Global
	GlobalSection(SolutionConfigurationPlatforms) = preSolution
		Debug|Any CPU = Debug|Any CPU
		Release|Any CPU = Release|Any CPU
	EndGlobalSection
	GlobalSection(ProjectConfigurationPlatforms) = postSolution
		{B08AA2B6-E6C3-413C-A0F4-028B2487FCAB}.Debug|Any CPU.ActiveCfg = Debug|Any CPU
		{B08AA2B6-E6C3-413C-A0F4-028B2487FCAB}.Debug|Any CPU.Build.0 = Debug|Any CPU
		{B08AA2B6-E6C3-413C-A0F4-028B2487FCAB}.Release|Any CPU.ActiveCfg = Release|Any CPU
		{B08AA2B6-E6C3-413C-A0F4-028B2487FCAB}.Release|Any CPU.Build.0 = Release|Any CPU
	EndGlobalSection
	GlobalSection(SolutionProperties) = preSolution
		HideSolutionNode = FALSE
	EndGlobalSection
	GlobalSection(ExtensibilityGlobals) = postSolution
		SolutionGuid = {DBE38EF1-20EE-4280-B4B9-235105B7CC31}
	EndGlobalSection
EndGlobal
